// !$*UTF8*$!
{
	archiveVersion = 1;
	classes = {
	};
	objectVersion = 46;
	objects = {

/* Begin PBXFileReference section */
		581E3AB119375C110037D04E /* main.c */ = {isa = PBXFileReference; lastKnownFileType = sourcecode.c.c; path = main.c; sourceTree = "<group>"; };
		58D6A307193C98F300AEC82C /* random.c */ = {isa = PBXFileReference; lastKnownFileType = sourcecode.c.c; path = random.c; sourceTree = "<group>"; };
/* End PBXFileReference section */

/* Begin PBXGroup section */
		581E3AAA19375BFD0037D04E = {
			isa = PBXGroup;
			children = (
				581E3AB119375C110037D04E /* main.c */,
				58D6A307193C98F300AEC82C /* random.c */,
			);
			sourceTree = "<group>";
		};
/* End PBXGroup section */

/* Begin PBXProject section */
		581E3AAB19375BFD0037D04E /* Project object */ = {
			isa = PBXProject;
			attributes = {
				LastUpgradeCheck = 0510;
			};
			buildConfigurationList = 581E3AAE19375BFD0037D04E /* Build configuration list for PBXProject "Trabalho de Programacao" */;
			compatibilityVersion = "Xcode 3.2";
			developmentRegion = English;
			hasScannedForEncodings = 0;
			knownRegions = (
				en,
			);
			mainGroup = 581E3AAA19375BFD0037D04E;
			projectDirPath = "";
			projectRoot = "";
			targets = (
			);
		};
/* End PBXProject section */

/* Begin XCBuildConfiguration section */
		581E3AAF19375BFD0037D04E /* Debug */ = {
			isa = XCBuildConfiguration;
			buildSettings = {
			};
			name = Debug;
		};
		581E3AB019375BFD0037D04E /* Release */ = {
			isa = XCBuildConfiguration;
			buildSettings = {
			};
			name = Release;
		};
/* End XCBuildConfiguration section */

/* Begin XCConfigurationList section */
		581E3AAE19375BFD0037D04E /* Build configuration list for PBXProject "Trabalho de Programacao" */ = {
			isa = XCConfigurationList;
			buildConfigurations = (
				581E3AAF19375BFD0037D04E /* Debug */,
				581E3AB019375BFD0037D04E /* Release */,
			);
			defaultConfigurationIsVisible = 0;
			defaultConfigurationName = Release;
		};
/* End XCConfigurationList section */
	};
	rootObject = 581E3AAB19375BFD0037D04E /* Project object */;
}
